{
  "name": "picampcontrol",
  "version": "1.0.0",
  "lockfileVersion": 3,
  "requires": true,
  "packages": {
    "": {
      "name": "picampcontrol",
      "version": "1.0.0",
      "license": "ISC",
      "dependencies": {
        "@jlceda/pro-api-types": "^0.4.25"
      }
    },
    "node_modules/@jlceda/pro-api-types": {
      "version": "0.4.25",
      "resolved": "https://registry.npmjs.org/@jlceda/pro-api-types/-/pro-api-types-0.4.25.tgz",
      "integrity": "sha512-dUZNa9Ob3qByg5x8trS1LISU1JVipOJab1CeO7/EOTetd3hyb0xZVw0d5+Fip5jLRxHSF8jkV6nW3/qAj/tTIA==",
      "license": "Apache-2.0"
    }
  }
}
